# generated by rye
# use `rye lock` or `rye sync` to update this lockfile
#
# last locked with the following flags:
#   pre: false
#   features: []
#   all-features: false
#   with-sources: false
#   generate-hashes: false
#   universal: false

-e file:.
cffi==1.17.1
    # via cryptography
cryptography==43.0.3
    # via database-exp
pillow==11.0.0
    # via ttkbootstrap
pycparser==2.22
    # via cffi
pymysql==1.1.1
    # via database-exp
sv-ttk==2.6.0
    # via database-exp
ttkbootstrap==1.10.1
    # via database-exp
